
Microsoft Visual Studio Solution File, Format Version 12.00
# Visual Studio Version 17
VisualStudioVersion = 17.0.31912.275
MinimumVisualStudioVersion = 10.0.40219.1
Project("{2150E333-8FDC-42A3-9474-1A3956D46DE8}") = "src", "src", "{B067F324-87DB-4341-AA14-CA4047FF45DD}"
EndProject
Project("{2150E333-8FDC-42A3-9474-1A3956D46DE8}") = "Building Blocks", "Building Blocks", "{B5EF50A6-F0C4-4789-A8DD-8D8A43DD4F6A}"
EndProject
Project("{2150E333-8FDC-42A3-9474-1A3956D46DE8}") = "Services", "Services", "{00A53A51-C02F-46CC-A08B-54D7E8B1BBDB}"
EndProject
Project("{2150E333-8FDC-42A3-9474-1A3956D46DE8}") = "Web", "Web", "{C9DD1C20-A773-4F46-98F2-AA8163E66369}"
EndProject
Project("{2150E333-8FDC-42A3-9474-1A3956D46DE8}") = "Identidade", "Identidade", "{AB762AE4-2331-4569-BC99-4B4092190DDB}"
EndProject
Project("{9A19103F-16F7-4668-BE54-9A1E7A4F7556}") = "Atmosphere.Identidade.API", "src\services\Atmosphere.Identidade.API\Atmosphere.Identidade.API.csproj", "{1D03ED97-D01E-4CF5-940C-6C7ED8302577}"
EndProject
Project("{2150E333-8FDC-42A3-9474-1A3956D46DE8}") = "MVC", "MVC", "{FBBA2A58-EAA1-4FCB-A4C6-E540F4AC29D7}"
EndProject
Project("{9A19103F-16F7-4668-BE54-9A1E7A4F7556}") = "Atmosphere.WebApp.MVC", "src\web\Atmosphere.WebApp.MVC\Atmosphere.WebApp.MVC.csproj", "{94CB9D87-978C-40F3-8E90-5BED586EE0A3}"
EndProject
Project("{2150E333-8FDC-42A3-9474-1A3956D46DE8}") = "Core", "Core", "{50589EE6-65F5-4B9A-8BCE-FDA501F2A2DF}"
EndProject
Project("{9A19103F-16F7-4668-BE54-9A1E7A4F7556}") = "Atmosphere.Core", "src\building blocks\Atmosphere.Core\Atmosphere.Core.csproj", "{8816B910-F0AD-4E28-9AC4-2AE946208011}"
EndProject
Project("{2150E333-8FDC-42A3-9474-1A3956D46DE8}") = "Carrinho", "Carrinho", "{BB039017-2E54-4D1A-BD91-58E5C64B7D13}"
EndProject
Project("{2150E333-8FDC-42A3-9474-1A3956D46DE8}") = "Catalogo", "Catalogo", "{B1EC6A5E-726E-4890-A60B-71D4EEBA63E5}"
EndProject
Project("{2150E333-8FDC-42A3-9474-1A3956D46DE8}") = "Cliente", "Cliente", "{15114EA2-A6F2-4C1A-A9A1-77A0D96EA8A4}"
EndProject
Project("{2150E333-8FDC-42A3-9474-1A3956D46DE8}") = "Pagamento", "Pagamento", "{F7142489-7CEC-4CDC-A5D2-8B73B85633A5}"
EndProject
Project("{2150E333-8FDC-42A3-9474-1A3956D46DE8}") = "Pedido", "Pedido", "{2C69D32C-6705-4207-BE35-D98BF893F6D0}"
EndProject
Project("{9A19103F-16F7-4668-BE54-9A1E7A4F7556}") = "Atmosphere.Carrinho.API", "src\services\Atmosphere.Carrinho.API\Atmosphere.Carrinho.API.csproj", "{76ED0115-563F-45A2-A88F-0D7F8155363E}"
EndProject
Project("{9A19103F-16F7-4668-BE54-9A1E7A4F7556}") = "Atmosphere.Catalogo.API", "src\services\Atmosphere.Catalogo.API\Atmosphere.Catalogo.API.csproj", "{DC488677-624C-4E16-8815-B73D97AB709B}"
EndProject
Project("{9A19103F-16F7-4668-BE54-9A1E7A4F7556}") = "Atmosphere.Cliente.API", "src\services\Atmosphere.Cliente.API\Atmosphere.Cliente.API.csproj", "{45CC273D-0C7E-49B7-B8B0-733B12E6830C}"
EndProject
Project("{9A19103F-16F7-4668-BE54-9A1E7A4F7556}") = "Atmosphere.Pagamento.API", "src\services\Atmosphere.Pagamento.API\Atmosphere.Pagamento.API.csproj", "{4F9384A0-132C-4270-AE6A-7ECF7874B5A2}"
EndProject
Project("{9A19103F-16F7-4668-BE54-9A1E7A4F7556}") = "Atmosphere.Pedido.API", "src\services\Atmosphere.Pedido.API\Atmosphere.Pedido.API.csproj", "{2943CC44-0578-4EDC-8B13-2E440149E802}"
EndProject
Project("{2150E333-8FDC-42A3-9474-1A3956D46DE8}") = "Services", "Services", "{9741B028-F657-460F-B0DB-E033E15C72E6}"
EndProject
Project("{9A19103F-16F7-4668-BE54-9A1E7A4F7556}") = "Atmosphere.WebAPI.Core", "src\building blocks\Atmosphere.WebAPI.Core\Atmosphere.WebAPI.Core.csproj", "{B7E85257-024C-4823-8B75-85B5CE8A44B7}"
EndProject
Global
	GlobalSection(SolutionConfigurationPlatforms) = preSolution
		Debug|Any CPU = Debug|Any CPU
		Release|Any CPU = Release|Any CPU
	EndGlobalSection
	GlobalSection(ProjectConfigurationPlatforms) = postSolution
		{1D03ED97-D01E-4CF5-940C-6C7ED8302577}.Debug|Any CPU.ActiveCfg = Debug|Any CPU
		{1D03ED97-D01E-4CF5-940C-6C7ED8302577}.Debug|Any CPU.Build.0 = Debug|Any CPU
		{1D03ED97-D01E-4CF5-940C-6C7ED8302577}.Release|Any CPU.ActiveCfg = Release|Any CPU
		{1D03ED97-D01E-4CF5-940C-6C7ED8302577}.Release|Any CPU.Build.0 = Release|Any CPU
		{94CB9D87-978C-40F3-8E90-5BED586EE0A3}.Debug|Any CPU.ActiveCfg = Debug|Any CPU
		{94CB9D87-978C-40F3-8E90-5BED586EE0A3}.Debug|Any CPU.Build.0 = Debug|Any CPU
		{94CB9D87-978C-40F3-8E90-5BED586EE0A3}.Release|Any CPU.ActiveCfg = Release|Any CPU
		{94CB9D87-978C-40F3-8E90-5BED586EE0A3}.Release|Any CPU.Build.0 = Release|Any CPU
		{8816B910-F0AD-4E28-9AC4-2AE946208011}.Debug|Any CPU.ActiveCfg = Debug|Any CPU
		{8816B910-F0AD-4E28-9AC4-2AE946208011}.Debug|Any CPU.Build.0 = Debug|Any CPU
		{8816B910-F0AD-4E28-9AC4-2AE946208011}.Release|Any CPU.ActiveCfg = Release|Any CPU
		{8816B910-F0AD-4E28-9AC4-2AE946208011}.Release|Any CPU.Build.0 = Release|Any CPU
		{76ED0115-563F-45A2-A88F-0D7F8155363E}.Debug|Any CPU.ActiveCfg = Debug|Any CPU
		{76ED0115-563F-45A2-A88F-0D7F8155363E}.Debug|Any CPU.Build.0 = Debug|Any CPU
		{76ED0115-563F-45A2-A88F-0D7F8155363E}.Release|Any CPU.ActiveCfg = Release|Any CPU
		{76ED0115-563F-45A2-A88F-0D7F8155363E}.Release|Any CPU.Build.0 = Release|Any CPU
		{DC488677-624C-4E16-8815-B73D97AB709B}.Debug|Any CPU.ActiveCfg = Debug|Any CPU
		{DC488677-624C-4E16-8815-B73D97AB709B}.Debug|Any CPU.Build.0 = Debug|Any CPU
		{DC488677-624C-4E16-8815-B73D97AB709B}.Release|Any CPU.ActiveCfg = Release|Any CPU
		{DC488677-624C-4E16-8815-B73D97AB709B}.Release|Any CPU.Build.0 = Release|Any CPU
		{45CC273D-0C7E-49B7-B8B0-733B12E6830C}.Debug|Any CPU.ActiveCfg = Debug|Any CPU
		{45CC273D-0C7E-49B7-B8B0-733B12E6830C}.Debug|Any CPU.Build.0 = Debug|Any CPU
		{45CC273D-0C7E-49B7-B8B0-733B12E6830C}.Release|Any CPU.ActiveCfg = Release|Any CPU
		{45CC273D-0C7E-49B7-B8B0-733B12E6830C}.Release|Any CPU.Build.0 = Release|Any CPU
		{4F9384A0-132C-4270-AE6A-7ECF7874B5A2}.Debug|Any CPU.ActiveCfg = Debug|Any CPU
		{4F9384A0-132C-4270-AE6A-7ECF7874B5A2}.Debug|Any CPU.Build.0 = Debug|Any CPU
		{4F9384A0-132C-4270-AE6A-7ECF7874B5A2}.Release|Any CPU.ActiveCfg = Release|Any CPU
		{4F9384A0-132C-4270-AE6A-7ECF7874B5A2}.Release|Any CPU.Build.0 = Release|Any CPU
		{2943CC44-0578-4EDC-8B13-2E440149E802}.Debug|Any CPU.ActiveCfg = Debug|Any CPU
		{2943CC44-0578-4EDC-8B13-2E440149E802}.Debug|Any CPU.Build.0 = Debug|Any CPU
		{2943CC44-0578-4EDC-8B13-2E440149E802}.Release|Any CPU.ActiveCfg = Release|Any CPU
		{2943CC44-0578-4EDC-8B13-2E440149E802}.Release|Any CPU.Build.0 = Release|Any CPU
		{B7E85257-024C-4823-8B75-85B5CE8A44B7}.Debug|Any CPU.ActiveCfg = Debug|Any CPU
		{B7E85257-024C-4823-8B75-85B5CE8A44B7}.Debug|Any CPU.Build.0 = Debug|Any CPU
		{B7E85257-024C-4823-8B75-85B5CE8A44B7}.Release|Any CPU.ActiveCfg = Release|Any CPU
		{B7E85257-024C-4823-8B75-85B5CE8A44B7}.Release|Any CPU.Build.0 = Release|Any CPU
	EndGlobalSection
	GlobalSection(SolutionProperties) = preSolution
		HideSolutionNode = FALSE
	EndGlobalSection
	GlobalSection(NestedProjects) = preSolution
		{B5EF50A6-F0C4-4789-A8DD-8D8A43DD4F6A} = {B067F324-87DB-4341-AA14-CA4047FF45DD}
		{00A53A51-C02F-46CC-A08B-54D7E8B1BBDB} = {B067F324-87DB-4341-AA14-CA4047FF45DD}
		{C9DD1C20-A773-4F46-98F2-AA8163E66369} = {B067F324-87DB-4341-AA14-CA4047FF45DD}
		{AB762AE4-2331-4569-BC99-4B4092190DDB} = {00A53A51-C02F-46CC-A08B-54D7E8B1BBDB}
		{1D03ED97-D01E-4CF5-940C-6C7ED8302577} = {AB762AE4-2331-4569-BC99-4B4092190DDB}
		{FBBA2A58-EAA1-4FCB-A4C6-E540F4AC29D7} = {C9DD1C20-A773-4F46-98F2-AA8163E66369}
		{94CB9D87-978C-40F3-8E90-5BED586EE0A3} = {FBBA2A58-EAA1-4FCB-A4C6-E540F4AC29D7}
		{50589EE6-65F5-4B9A-8BCE-FDA501F2A2DF} = {B5EF50A6-F0C4-4789-A8DD-8D8A43DD4F6A}
		{8816B910-F0AD-4E28-9AC4-2AE946208011} = {50589EE6-65F5-4B9A-8BCE-FDA501F2A2DF}
		{BB039017-2E54-4D1A-BD91-58E5C64B7D13} = {00A53A51-C02F-46CC-A08B-54D7E8B1BBDB}
		{B1EC6A5E-726E-4890-A60B-71D4EEBA63E5} = {00A53A51-C02F-46CC-A08B-54D7E8B1BBDB}
		{15114EA2-A6F2-4C1A-A9A1-77A0D96EA8A4} = {00A53A51-C02F-46CC-A08B-54D7E8B1BBDB}
		{F7142489-7CEC-4CDC-A5D2-8B73B85633A5} = {00A53A51-C02F-46CC-A08B-54D7E8B1BBDB}
		{2C69D32C-6705-4207-BE35-D98BF893F6D0} = {00A53A51-C02F-46CC-A08B-54D7E8B1BBDB}
		{76ED0115-563F-45A2-A88F-0D7F8155363E} = {BB039017-2E54-4D1A-BD91-58E5C64B7D13}
		{DC488677-624C-4E16-8815-B73D97AB709B} = {B1EC6A5E-726E-4890-A60B-71D4EEBA63E5}
		{45CC273D-0C7E-49B7-B8B0-733B12E6830C} = {15114EA2-A6F2-4C1A-A9A1-77A0D96EA8A4}
		{4F9384A0-132C-4270-AE6A-7ECF7874B5A2} = {F7142489-7CEC-4CDC-A5D2-8B73B85633A5}
		{2943CC44-0578-4EDC-8B13-2E440149E802} = {2C69D32C-6705-4207-BE35-D98BF893F6D0}
		{9741B028-F657-460F-B0DB-E033E15C72E6} = {B5EF50A6-F0C4-4789-A8DD-8D8A43DD4F6A}
		{B7E85257-024C-4823-8B75-85B5CE8A44B7} = {9741B028-F657-460F-B0DB-E033E15C72E6}
	EndGlobalSection
	GlobalSection(ExtensibilityGlobals) = postSolution
		SolutionGuid = {27CEAD03-4FE5-4D27-B0E5-2A3F15F23C46}
	EndGlobalSection
EndGlobal
